lockfile_version: '1'
apm_version: 0.30.0
dependencies:
- repo_url: mjkimr/app-common
  materialization_repo_url: mjkimR/app-common
  name: app-common
  host: github.com
  resolved_commit: e4b8d1dee7c2b79e0bcb4ac246802eafc13c77ca
  resolved_ref: e4b8d1dee7c2b79e0bcb4ac246802eafc13c77ca
  version: 0.1.0
  virtual_path: agents
  is_virtual: true
  package_type: skill_bundle
  deployed_files:
  - .agents/skills/app-common
  - .agents/skills/app-common/SKILL.md
  - .agents/skills/app-common/catalog.json
  - .agents/skills/app-common/references/ai/index.md
  - .agents/skills/app-common/references/ai/setup.md
  - .agents/skills/app-common/references/api-key/index.md
  - .agents/skills/app-common/references/auth/index.md
  - .agents/skills/app-common/references/backend/commands.md
  - .agents/skills/app-common/references/backend/errors.md
  - .agents/skills/app-common/references/backend/hooks.md
  - .agents/skills/app-common/references/backend/index.md
  - .agents/skills/app-common/references/backend/session.md
  - .agents/skills/app-common/references/backend/setup.md
  - .agents/skills/app-common/references/backend/time.md
  - .agents/skills/app-common/references/http/index.md
  - .agents/skills/app-common/references/http/setup.md
  - .agents/skills/app-common/references/local-dev/index.md
  - .agents/skills/app-common/references/mcp/index.md
  - .agents/skills/app-common/references/outbox/index.md
  - .agents/skills/app-common/references/outbox/setup.md
  - .agents/skills/app-common/references/search/index.md
  - .agents/skills/app-common/references/storage/index.md
  - .agents/skills/app-common/references/storage/setup.md
  - .agents/skills/app-common/references/testing/examples.md
  - .agents/skills/app-common/references/testing/index.md
  - .agents/skills/app-common/references/ui/api.md
  - .agents/skills/app-common/references/ui/checklist.md
  - .agents/skills/app-common/references/ui/components.md
  - .agents/skills/app-common/references/ui/index.md
  - .agents/skills/app-common/references/ui/runes.md
  - .agents/skills/app-common/references/ui/setup.md
  - .agents/skills/app-common/references/ui/structure.md
  - .agents/skills/app-common/references/update/index.md
  - .agents/skills/app-common/references/user/google-auth.md
  - .agents/skills/app-common/references/user/index.md
  - .agents/skills/app-common/references/user/setup.md
  - .agents/skills/app-common/references/vector/index.md
  - .agents/skills/app-common/references/vector/setup.md
  - .claude/skills/app-common
  - .claude/skills/app-common/SKILL.md
  - .claude/skills/app-common/catalog.json
  - .claude/skills/app-common/references/ai/index.md
  - .claude/skills/app-common/references/ai/setup.md
  - .claude/skills/app-common/references/api-key/index.md
  - .claude/skills/app-common/references/auth/index.md
  - .claude/skills/app-common/references/backend/commands.md
  - .claude/skills/app-common/references/backend/errors.md
  - .claude/skills/app-common/references/backend/hooks.md
  - .claude/skills/app-common/references/backend/index.md
  - .claude/skills/app-common/references/backend/session.md
  - .claude/skills/app-common/references/backend/setup.md
  - .claude/skills/app-common/references/backend/time.md
  - .claude/skills/app-common/references/http/index.md
  - .claude/skills/app-common/references/http/setup.md
  - .claude/skills/app-common/references/local-dev/index.md
  - .claude/skills/app-common/references/mcp/index.md
  - .claude/skills/app-common/references/outbox/index.md
  - .claude/skills/app-common/references/outbox/setup.md
  - .claude/skills/app-common/references/search/index.md
  - .claude/skills/app-common/references/storage/index.md
  - .claude/skills/app-common/references/storage/setup.md
  - .claude/skills/app-common/references/testing/examples.md
  - .claude/skills/app-common/references/testing/index.md
  - .claude/skills/app-common/references/ui/api.md
  - .claude/skills/app-common/references/ui/checklist.md
  - .claude/skills/app-common/references/ui/components.md
  - .claude/skills/app-common/references/ui/index.md
  - .claude/skills/app-common/references/ui/runes.md
  - .claude/skills/app-common/references/ui/setup.md
  - .claude/skills/app-common/references/ui/structure.md
  - .claude/skills/app-common/references/update/index.md
  - .claude/skills/app-common/references/user/google-auth.md
  - .claude/skills/app-common/references/user/index.md
  - .claude/skills/app-common/references/user/setup.md
  - .claude/skills/app-common/references/vector/index.md
  - .claude/skills/app-common/references/vector/setup.md
  deployed_file_hashes:
    .agents/skills/app-common/SKILL.md: sha256:a4688fd7c301f84023ce61c3e98a6a5c0bfe1909b7b05c1fc42088c9ff88443c
    .agents/skills/app-common/catalog.json: sha256:30663d2620c22644ee20c13b5777294e433217c107f939fd66a0df32b3f214f5
    .agents/skills/app-common/references/ai/index.md: sha256:b0d06c6732eaeeeed8f2687ae32a1cc4e6efa6f8bec72eca769307a62be3b3f1
    .agents/skills/app-common/references/ai/setup.md: sha256:6f70eb4719f7fa59c490a08310343055fb1123002a5b5c6cd0fe63dbddaaa89d
    .agents/skills/app-common/references/api-key/index.md: sha256:c30b400a236f8afb6dff033f41c4a36920d6b6b4018347c99eeb20840690d77c
    .agents/skills/app-common/references/auth/index.md: sha256:6a2f854e33e568b5052d782756f6a9e760c84319bb7ae0526bc23665ce69bc76
    .agents/skills/app-common/references/backend/commands.md: sha256:7c307472b0929ad5b9040d1befda539857245acde25b93e06292ae5bdc142ddd
    .agents/skills/app-common/references/backend/errors.md: sha256:fb1cafc68376ffacc939e47fd1e488620bc8e43cccc53d4b785c1fb1ad0b1285
    .agents/skills/app-common/references/backend/hooks.md: sha256:317e25da4046607c8c0b387967f9033d8e3a52db04395fb9ca11ae62d17e980f
    .agents/skills/app-common/references/backend/index.md: sha256:7410c647f81de0e8e858e6331915d6289290140a23d0927db8319c334989344f
    .agents/skills/app-common/references/backend/session.md: sha256:aeeb62f3902e611ef61128db1903191dae5fdb64bbb618f19a17cc9bccb2a213
    .agents/skills/app-common/references/backend/setup.md: sha256:11b97f4db74dbcdc19f24ba23f31a1d5ef82cc451c457a73f190a8eeccea6139
    .agents/skills/app-common/references/backend/time.md: sha256:66e7d3864504bf09a987ba82baf1f24f538ef90bce064e1155324720a975f1e7
    .agents/skills/app-common/references/http/index.md: sha256:b5deee51bf8716c6ef2cfc854167a24cbca4657597086824134fd99dbb5f1e6b
    .agents/skills/app-common/references/http/setup.md: sha256:9b4376363d90173da942a8b67e7c93c20bbc61439fd3316cec3e67e756643095
    .agents/skills/app-common/references/local-dev/index.md: sha256:1d8f8392a099774f559536cf8432b1f73cc28860c34f259eae7a1df0c74263b1
    .agents/skills/app-common/references/mcp/index.md: sha256:3a9e43e2e56df4a0a765218f15422d9a18cd9b5537e702c28016c6650f61f3aa
    .agents/skills/app-common/references/outbox/index.md: sha256:8833036e80268e9d7987790f3cf955b96dc4cd28632e0d5eb3d16ec916082c90
    .agents/skills/app-common/references/outbox/setup.md: sha256:8034b1aa36e199d6fe16b015e53c0b49763259c14fb29a5617920b93837ddd4e
    .agents/skills/app-common/references/search/index.md: sha256:b819c7116cfeba1850527c83bb1dc0515a63f046f35be696aa9738fa2555cfa9
    .agents/skills/app-common/references/storage/index.md: sha256:d4ea4923267d14cbc640c5629252faecbbe7638fca91c83009a86863e5773b9f
    .agents/skills/app-common/references/storage/setup.md: sha256:67ceef61b440e56d2c15434f5c0d0e969ca0984316ed76b2528e00e4b37d7f0e
    .agents/skills/app-common/references/testing/examples.md: sha256:41774d95842aa2b9bb989b4f3da5a6aebdf909bcff3e2df4402b7650f1fef7d9
    .agents/skills/app-common/references/testing/index.md: sha256:23f7e70461bf0b435461071544bf7bc7708b2adc24aef54bc37de35375d4e788
    .agents/skills/app-common/references/ui/api.md: sha256:c2423a6e7384bf830f78fd2a552408ff695d89e145cc8d7024610c90c078df61
    .agents/skills/app-common/references/ui/checklist.md: sha256:0cf5e07e4371e8d8c93de162c33cdd07a3d33db19ff46c57f2c27744895f920d
    .agents/skills/app-common/references/ui/components.md: sha256:3ba319c21a68ea3f607c270045fe8120e694e73fadc8d16b1f62e8f7694d6f61
    .agents/skills/app-common/references/ui/index.md: sha256:2be5b36a43da7cc1061d19d20daa636d01cffc3305f42f60031cd2f52d2fa9af
    .agents/skills/app-common/references/ui/runes.md: sha256:1a981c14faee991c60331b7698d36be5dcdc01f6bac1b935f3b574dbca88b0dc
    .agents/skills/app-common/references/ui/setup.md: sha256:734e097b4152268329d3660dc76509feda79f75490919a84ab58c16e2b96ac29
    .agents/skills/app-common/references/ui/structure.md: sha256:d88e99862131553eda2e0210b5c10e97badf65a9686a5bc34f8e9180f9ea76f7
    .agents/skills/app-common/references/update/index.md: sha256:1ebd31f5cc3b9eb2b9617a590971a272c33a2f60e5d45964404540a9a6ec9625
    .agents/skills/app-common/references/user/google-auth.md: sha256:11023b6719f4b32e9fd711736c3e818781b43ac67a49ac03484e0c81e390555f
    .agents/skills/app-common/references/user/index.md: sha256:371a1215dc0e3fd0a2a100a116646483abe39bef00a940733bb3194ea68c22d9
    .agents/skills/app-common/references/user/setup.md: sha256:39bf2cfe9c2df8d7bbc517e3eb47cb5aab69e5e554d052d06139b63041200799
    .agents/skills/app-common/references/vector/index.md: sha256:36d62538f27b4efc9869815bba645ed191c921ceb576dc5bdad40ac9bc682cd2
    .agents/skills/app-common/references/vector/setup.md: sha256:39383ac07dd7a4ce283eaa3b3ce18fb429f1daf9169f1f2858e777834e2ccf12
    .claude/skills/app-common/SKILL.md: sha256:a4688fd7c301f84023ce61c3e98a6a5c0bfe1909b7b05c1fc42088c9ff88443c
    .claude/skills/app-common/catalog.json: sha256:30663d2620c22644ee20c13b5777294e433217c107f939fd66a0df32b3f214f5
    .claude/skills/app-common/references/ai/index.md: sha256:b0d06c6732eaeeeed8f2687ae32a1cc4e6efa6f8bec72eca769307a62be3b3f1
    .claude/skills/app-common/references/ai/setup.md: sha256:6f70eb4719f7fa59c490a08310343055fb1123002a5b5c6cd0fe63dbddaaa89d
    .claude/skills/app-common/references/api-key/index.md: sha256:c30b400a236f8afb6dff033f41c4a36920d6b6b4018347c99eeb20840690d77c
    .claude/skills/app-common/references/auth/index.md: sha256:6a2f854e33e568b5052d782756f6a9e760c84319bb7ae0526bc23665ce69bc76
    .claude/skills/app-common/references/backend/commands.md: sha256:7c307472b0929ad5b9040d1befda539857245acde25b93e06292ae5bdc142ddd
    .claude/skills/app-common/references/backend/errors.md: sha256:fb1cafc68376ffacc939e47fd1e488620bc8e43cccc53d4b785c1fb1ad0b1285
    .claude/skills/app-common/references/backend/hooks.md: sha256:317e25da4046607c8c0b387967f9033d8e3a52db04395fb9ca11ae62d17e980f
    .claude/skills/app-common/references/backend/index.md: sha256:7410c647f81de0e8e858e6331915d6289290140a23d0927db8319c334989344f
    .claude/skills/app-common/references/backend/session.md: sha256:aeeb62f3902e611ef61128db1903191dae5fdb64bbb618f19a17cc9bccb2a213
    .claude/skills/app-common/references/backend/setup.md: sha256:11b97f4db74dbcdc19f24ba23f31a1d5ef82cc451c457a73f190a8eeccea6139
    .claude/skills/app-common/references/backend/time.md: sha256:66e7d3864504bf09a987ba82baf1f24f538ef90bce064e1155324720a975f1e7
    .claude/skills/app-common/references/http/index.md: sha256:b5deee51bf8716c6ef2cfc854167a24cbca4657597086824134fd99dbb5f1e6b
    .claude/skills/app-common/references/http/setup.md: sha256:9b4376363d90173da942a8b67e7c93c20bbc61439fd3316cec3e67e756643095
    .claude/skills/app-common/references/local-dev/index.md: sha256:1d8f8392a099774f559536cf8432b1f73cc28860c34f259eae7a1df0c74263b1
    .claude/skills/app-common/references/mcp/index.md: sha256:3a9e43e2e56df4a0a765218f15422d9a18cd9b5537e702c28016c6650f61f3aa
    .claude/skills/app-common/references/outbox/index.md: sha256:8833036e80268e9d7987790f3cf955b96dc4cd28632e0d5eb3d16ec916082c90
    .claude/skills/app-common/references/outbox/setup.md: sha256:8034b1aa36e199d6fe16b015e53c0b49763259c14fb29a5617920b93837ddd4e
    .claude/skills/app-common/references/search/index.md: sha256:b819c7116cfeba1850527c83bb1dc0515a63f046f35be696aa9738fa2555cfa9
    .claude/skills/app-common/references/storage/index.md: sha256:d4ea4923267d14cbc640c5629252faecbbe7638fca91c83009a86863e5773b9f
    .claude/skills/app-common/references/storage/setup.md: sha256:67ceef61b440e56d2c15434f5c0d0e969ca0984316ed76b2528e00e4b37d7f0e
    .claude/skills/app-common/references/testing/examples.md: sha256:41774d95842aa2b9bb989b4f3da5a6aebdf909bcff3e2df4402b7650f1fef7d9
    .claude/skills/app-common/references/testing/index.md: sha256:23f7e70461bf0b435461071544bf7bc7708b2adc24aef54bc37de35375d4e788
    .claude/skills/app-common/references/ui/api.md: sha256:c2423a6e7384bf830f78fd2a552408ff695d89e145cc8d7024610c90c078df61
    .claude/skills/app-common/references/ui/checklist.md: sha256:0cf5e07e4371e8d8c93de162c33cdd07a3d33db19ff46c57f2c27744895f920d
    .claude/skills/app-common/references/ui/components.md: sha256:3ba319c21a68ea3f607c270045fe8120e694e73fadc8d16b1f62e8f7694d6f61
    .claude/skills/app-common/references/ui/index.md: sha256:2be5b36a43da7cc1061d19d20daa636d01cffc3305f42f60031cd2f52d2fa9af
    .claude/skills/app-common/references/ui/runes.md: sha256:1a981c14faee991c60331b7698d36be5dcdc01f6bac1b935f3b574dbca88b0dc
    .claude/skills/app-common/references/ui/setup.md: sha256:734e097b4152268329d3660dc76509feda79f75490919a84ab58c16e2b96ac29
    .claude/skills/app-common/references/ui/structure.md: sha256:d88e99862131553eda2e0210b5c10e97badf65a9686a5bc34f8e9180f9ea76f7
    .claude/skills/app-common/references/update/index.md: sha256:1ebd31f5cc3b9eb2b9617a590971a272c33a2f60e5d45964404540a9a6ec9625
    .claude/skills/app-common/references/user/google-auth.md: sha256:11023b6719f4b32e9fd711736c3e818781b43ac67a49ac03484e0c81e390555f
    .claude/skills/app-common/references/user/index.md: sha256:371a1215dc0e3fd0a2a100a116646483abe39bef00a940733bb3194ea68c22d9
    .claude/skills/app-common/references/user/setup.md: sha256:39bf2cfe9c2df8d7bbc517e3eb47cb5aab69e5e554d052d06139b63041200799
    .claude/skills/app-common/references/vector/index.md: sha256:36d62538f27b4efc9869815bba645ed191c921ceb576dc5bdad40ac9bc682cd2
    .claude/skills/app-common/references/vector/setup.md: sha256:39383ac07dd7a4ce283eaa3b3ce18fb429f1daf9169f1f2858e777834e2ccf12
  content_hash: sha256:847dcfb716098781a2536643e1e26c8d6ca3dc965febc0da453c635a4918c89a
  skill_subset:
  - app-common
deployments:
- kind: project-relative
  target: claude
  value: .claude/skills/app-common
  runtime: null
  scope: project
  owners:
  - mjkimr/app-common/agents
  active_owner: mjkimr/app-common/agents
  content_hash: null
- kind: project-relative
  target: claude
  value: .claude/skills/app-common/SKILL.md
  runtime: null
  scope: project
  owners:
  - mjkimr/app-common/agents
  active_owner: mjkimr/app-common/agents
  content_hash: sha256:a4688fd7c301f84023ce61c3e98a6a5c0bfe1909b7b05c1fc42088c9ff88443c
- kind: project-relative
  target: claude
  value: .claude/skills/app-common/catalog.json
  runtime: null
  scope: project
  owners:
  - mjkimr/app-common/agents
  active_owner: mjkimr/app-common/agents
  content_hash: sha256:30663d2620c22644ee20c13b5777294e433217c107f939fd66a0df32b3f214f5
- kind: project-relative
  target: claude
  value: .claude/skills/app-common/references/ai/index.md
  runtime: null
  scope: project
  owners:
  - mjkimr/app-common/agents
  active_owner: mjkimr/app-common/agents
  content_hash: sha256:b0d06c6732eaeeeed8f2687ae32a1cc4e6efa6f8bec72eca769307a62be3b3f1
- kind: project-relative
  target: claude
  value: .claude/skills/app-common/references/ai/setup.md
  runtime: null
  scope: project
  owners:
  - mjkimr/app-common/agents
  active_owner: mjkimr/app-common/agents
  content_hash: sha256:6f70eb4719f7fa59c490a08310343055fb1123002a5b5c6cd0fe63dbddaaa89d
- kind: project-relative
  target: claude
  value: .claude/skills/app-common/references/api-key/index.md
  runtime: null
  scope: project
  owners:
  - mjkimr/app-common/agents
  active_owner: mjkimr/app-common/agents
  content_hash: sha256:c30b400a236f8afb6dff033f41c4a36920d6b6b4018347c99eeb20840690d77c
- kind: project-relative
  target: claude
  value: .claude/skills/app-common/references/auth/index.md
  runtime: null
  scope: project
  owners:
  - mjkimr/app-common/agents
  active_owner: mjkimr/app-common/agents
  content_hash: sha256:6a2f854e33e568b5052d782756f6a9e760c84319bb7ae0526bc23665ce69bc76
- kind: project-relative
  target: claude
  value: .claude/skills/app-common/references/backend/commands.md
  runtime: null
  scope: project
  owners:
  - mjkimr/app-common/agents
  active_owner: mjkimr/app-common/agents
  content_hash: sha256:7c307472b0929ad5b9040d1befda539857245acde25b93e06292ae5bdc142ddd
- kind: project-relative
  target: claude
  value: .claude/skills/app-common/references/backend/errors.md
  runtime: null
  scope: project
  owners:
  - mjkimr/app-common/agents
  active_owner: mjkimr/app-common/agents
  content_hash: sha256:fb1cafc68376ffacc939e47fd1e488620bc8e43cccc53d4b785c1fb1ad0b1285
- kind: project-relative
  target: claude
  value: .claude/skills/app-common/references/backend/hooks.md
  runtime: null
  scope: project
  owners:
  - mjkimr/app-common/agents
  active_owner: mjkimr/app-common/agents
  content_hash: sha256:317e25da4046607c8c0b387967f9033d8e3a52db04395fb9ca11ae62d17e980f
- kind: project-relative
  target: claude
  value: .claude/skills/app-common/references/backend/index.md
  runtime: null
  scope: project
  owners:
  - mjkimr/app-common/agents
  active_owner: mjkimr/app-common/agents
  content_hash: sha256:7410c647f81de0e8e858e6331915d6289290140a23d0927db8319c334989344f
- kind: project-relative
  target: claude
  value: .claude/skills/app-common/references/backend/session.md
  runtime: null
  scope: project
  owners:
  - mjkimr/app-common/agents
  active_owner: mjkimr/app-common/agents
  content_hash: sha256:aeeb62f3902e611ef61128db1903191dae5fdb64bbb618f19a17cc9bccb2a213
- kind: project-relative
  target: claude
  value: .claude/skills/app-common/references/backend/setup.md
  runtime: null
  scope: project
  owners:
  - mjkimr/app-common/agents
  active_owner: mjkimr/app-common/agents
  content_hash: sha256:11b97f4db74dbcdc19f24ba23f31a1d5ef82cc451c457a73f190a8eeccea6139
- kind: project-relative
  target: claude
  value: .claude/skills/app-common/references/backend/time.md
  runtime: null
  scope: project
  owners:
  - mjkimr/app-common/agents
  active_owner: mjkimr/app-common/agents
  content_hash: sha256:66e7d3864504bf09a987ba82baf1f24f538ef90bce064e1155324720a975f1e7
- kind: project-relative
  target: claude
  value: .claude/skills/app-common/references/http/index.md
  runtime: null
  scope: project
  owners:
  - mjkimr/app-common/agents
  active_owner: mjkimr/app-common/agents
  content_hash: sha256:b5deee51bf8716c6ef2cfc854167a24cbca4657597086824134fd99dbb5f1e6b
- kind: project-relative
  target: claude
  value: .claude/skills/app-common/references/http/setup.md
  runtime: null
  scope: project
  owners:
  - mjkimr/app-common/agents
  active_owner: mjkimr/app-common/agents
  content_hash: sha256:9b4376363d90173da942a8b67e7c93c20bbc61439fd3316cec3e67e756643095
- kind: project-relative
  target: claude
  value: .claude/skills/app-common/references/local-dev/index.md
  runtime: null
  scope: project
  owners:
  - mjkimr/app-common/agents
  active_owner: mjkimr/app-common/agents
  content_hash: sha256:1d8f8392a099774f559536cf8432b1f73cc28860c34f259eae7a1df0c74263b1
- kind: project-relative
  target: claude
  value: .claude/skills/app-common/references/mcp/index.md
  runtime: null
  scope: project
  owners:
  - mjkimr/app-common/agents
  active_owner: mjkimr/app-common/agents
  content_hash: sha256:3a9e43e2e56df4a0a765218f15422d9a18cd9b5537e702c28016c6650f61f3aa
- kind: project-relative
  target: claude
  value: .claude/skills/app-common/references/outbox/index.md
  runtime: null
  scope: project
  owners:
  - mjkimr/app-common/agents
  active_owner: mjkimr/app-common/agents
  content_hash: sha256:8833036e80268e9d7987790f3cf955b96dc4cd28632e0d5eb3d16ec916082c90
- kind: project-relative
  target: claude
  value: .claude/skills/app-common/references/outbox/setup.md
  runtime: null
  scope: project
  owners:
  - mjkimr/app-common/agents
  active_owner: mjkimr/app-common/agents
  content_hash: sha256:8034b1aa36e199d6fe16b015e53c0b49763259c14fb29a5617920b93837ddd4e
- kind: project-relative
  target: claude
  value: .claude/skills/app-common/references/search/index.md
  runtime: null
  scope: project
  owners:
  - mjkimr/app-common/agents
  active_owner: mjkimr/app-common/agents
  content_hash: sha256:b819c7116cfeba1850527c83bb1dc0515a63f046f35be696aa9738fa2555cfa9
- kind: project-relative
  target: claude
  value: .claude/skills/app-common/references/storage/index.md
  runtime: null
  scope: project
  owners:
  - mjkimr/app-common/agents
  active_owner: mjkimr/app-common/agents
  content_hash: sha256:d4ea4923267d14cbc640c5629252faecbbe7638fca91c83009a86863e5773b9f
- kind: project-relative
  target: claude
  value: .claude/skills/app-common/references/storage/setup.md
  runtime: null
  scope: project
  owners:
  - mjkimr/app-common/agents
  active_owner: mjkimr/app-common/agents
  content_hash: sha256:67ceef61b440e56d2c15434f5c0d0e969ca0984316ed76b2528e00e4b37d7f0e
- kind: project-relative
  target: claude
  value: .claude/skills/app-common/references/testing/examples.md
  runtime: null
  scope: project
  owners:
  - mjkimr/app-common/agents
  active_owner: mjkimr/app-common/agents
  content_hash: sha256:41774d95842aa2b9bb989b4f3da5a6aebdf909bcff3e2df4402b7650f1fef7d9
- kind: project-relative
  target: claude
  value: .claude/skills/app-common/references/testing/index.md
  runtime: null
  scope: project
  owners:
  - mjkimr/app-common/agents
  active_owner: mjkimr/app-common/agents
  content_hash: sha256:23f7e70461bf0b435461071544bf7bc7708b2adc24aef54bc37de35375d4e788
- kind: project-relative
  target: claude
  value: .claude/skills/app-common/references/ui/api.md
  runtime: null
  scope: project
  owners:
  - mjkimr/app-common/agents
  active_owner: mjkimr/app-common/agents
  content_hash: sha256:c2423a6e7384bf830f78fd2a552408ff695d89e145cc8d7024610c90c078df61
- kind: project-relative
  target: claude
  value: .claude/skills/app-common/references/ui/checklist.md
  runtime: null
  scope: project
  owners:
  - mjkimr/app-common/agents
  active_owner: mjkimr/app-common/agents
  content_hash: sha256:0cf5e07e4371e8d8c93de162c33cdd07a3d33db19ff46c57f2c27744895f920d
- kind: project-relative
  target: claude
  value: .claude/skills/app-common/references/ui/components.md
  runtime: null
  scope: project
  owners:
  - mjkimr/app-common/agents
  active_owner: mjkimr/app-common/agents
  content_hash: sha256:3ba319c21a68ea3f607c270045fe8120e694e73fadc8d16b1f62e8f7694d6f61
- kind: project-relative
  target: claude
  value: .claude/skills/app-common/references/ui/index.md
  runtime: null
  scope: project
  owners:
  - mjkimr/app-common/agents
  active_owner: mjkimr/app-common/agents
  content_hash: sha256:2be5b36a43da7cc1061d19d20daa636d01cffc3305f42f60031cd2f52d2fa9af
- kind: project-relative
  target: claude
  value: .claude/skills/app-common/references/ui/runes.md
  runtime: null
  scope: project
  owners:
  - mjkimr/app-common/agents
  active_owner: mjkimr/app-common/agents
  content_hash: sha256:1a981c14faee991c60331b7698d36be5dcdc01f6bac1b935f3b574dbca88b0dc
- kind: project-relative
  target: claude
  value: .claude/skills/app-common/references/ui/setup.md
  runtime: null
  scope: project
  owners:
  - mjkimr/app-common/agents
  active_owner: mjkimr/app-common/agents
  content_hash: sha256:734e097b4152268329d3660dc76509feda79f75490919a84ab58c16e2b96ac29
- kind: project-relative
  target: claude
  value: .claude/skills/app-common/references/ui/structure.md
  runtime: null
  scope: project
  owners:
  - mjkimr/app-common/agents
  active_owner: mjkimr/app-common/agents
  content_hash: sha256:d88e99862131553eda2e0210b5c10e97badf65a9686a5bc34f8e9180f9ea76f7
- kind: project-relative
  target: claude
  value: .claude/skills/app-common/references/update/index.md
  runtime: null
  scope: project
  owners:
  - mjkimr/app-common/agents
  active_owner: mjkimr/app-common/agents
  content_hash: sha256:1ebd31f5cc3b9eb2b9617a590971a272c33a2f60e5d45964404540a9a6ec9625
- kind: project-relative
  target: claude
  value: .claude/skills/app-common/references/user/google-auth.md
  runtime: null
  scope: project
  owners:
  - mjkimr/app-common/agents
  active_owner: mjkimr/app-common/agents
  content_hash: sha256:11023b6719f4b32e9fd711736c3e818781b43ac67a49ac03484e0c81e390555f
- kind: project-relative
  target: claude
  value: .claude/skills/app-common/references/user/index.md
  runtime: null
  scope: project
  owners:
  - mjkimr/app-common/agents
  active_owner: mjkimr/app-common/agents
  content_hash: sha256:371a1215dc0e3fd0a2a100a116646483abe39bef00a940733bb3194ea68c22d9
- kind: project-relative
  target: claude
  value: .claude/skills/app-common/references/user/setup.md
  runtime: null
  scope: project
  owners:
  - mjkimr/app-common/agents
  active_owner: mjkimr/app-common/agents
  content_hash: sha256:39bf2cfe9c2df8d7bbc517e3eb47cb5aab69e5e554d052d06139b63041200799
- kind: project-relative
  target: claude
  value: .claude/skills/app-common/references/vector/index.md
  runtime: null
  scope: project
  owners:
  - mjkimr/app-common/agents
  active_owner: mjkimr/app-common/agents
  content_hash: sha256:36d62538f27b4efc9869815bba645ed191c921ceb576dc5bdad40ac9bc682cd2
- kind: project-relative
  target: claude
  value: .claude/skills/app-common/references/vector/setup.md
  runtime: null
  scope: project
  owners:
  - mjkimr/app-common/agents
  active_owner: mjkimr/app-common/agents
  content_hash: sha256:39383ac07dd7a4ce283eaa3b3ce18fb429f1daf9169f1f2858e777834e2ccf12
- kind: project-relative
  target: codex
  value: .agents/skills/app-common
  runtime: null
  scope: project
  owners:
  - mjkimr/app-common/agents
  active_owner: mjkimr/app-common/agents
  content_hash: null
- kind: project-relative
  target: codex
  value: .agents/skills/app-common/SKILL.md
  runtime: null
  scope: project
  owners:
  - mjkimr/app-common/agents
  active_owner: mjkimr/app-common/agents
  content_hash: sha256:a4688fd7c301f84023ce61c3e98a6a5c0bfe1909b7b05c1fc42088c9ff88443c
- kind: project-relative
  target: codex
  value: .agents/skills/app-common/catalog.json
  runtime: null
  scope: project
  owners:
  - mjkimr/app-common/agents
  active_owner: mjkimr/app-common/agents
  content_hash: sha256:30663d2620c22644ee20c13b5777294e433217c107f939fd66a0df32b3f214f5
- kind: project-relative
  target: codex
  value: .agents/skills/app-common/references/ai/index.md
  runtime: null
  scope: project
  owners:
  - mjkimr/app-common/agents
  active_owner: mjkimr/app-common/agents
  content_hash: sha256:b0d06c6732eaeeeed8f2687ae32a1cc4e6efa6f8bec72eca769307a62be3b3f1
- kind: project-relative
  target: codex
  value: .agents/skills/app-common/references/ai/setup.md
  runtime: null
  scope: project
  owners:
  - mjkimr/app-common/agents
  active_owner: mjkimr/app-common/agents
  content_hash: sha256:6f70eb4719f7fa59c490a08310343055fb1123002a5b5c6cd0fe63dbddaaa89d
- kind: project-relative
  target: codex
  value: .agents/skills/app-common/references/api-key/index.md
  runtime: null
  scope: project
  owners:
  - mjkimr/app-common/agents
  active_owner: mjkimr/app-common/agents
  content_hash: sha256:c30b400a236f8afb6dff033f41c4a36920d6b6b4018347c99eeb20840690d77c
- kind: project-relative
  target: codex
  value: .agents/skills/app-common/references/auth/index.md
  runtime: null
  scope: project
  owners:
  - mjkimr/app-common/agents
  active_owner: mjkimr/app-common/agents
  content_hash: sha256:6a2f854e33e568b5052d782756f6a9e760c84319bb7ae0526bc23665ce69bc76
- kind: project-relative
  target: codex
  value: .agents/skills/app-common/references/backend/commands.md
  runtime: null
  scope: project
  owners:
  - mjkimr/app-common/agents
  active_owner: mjkimr/app-common/agents
  content_hash: sha256:7c307472b0929ad5b9040d1befda539857245acde25b93e06292ae5bdc142ddd
- kind: project-relative
  target: codex
  value: .agents/skills/app-common/references/backend/errors.md
  runtime: null
  scope: project
  owners:
  - mjkimr/app-common/agents
  active_owner: mjkimr/app-common/agents
  content_hash: sha256:fb1cafc68376ffacc939e47fd1e488620bc8e43cccc53d4b785c1fb1ad0b1285
- kind: project-relative
  target: codex
  value: .agents/skills/app-common/references/backend/hooks.md
  runtime: null
  scope: project
  owners:
  - mjkimr/app-common/agents
  active_owner: mjkimr/app-common/agents
  content_hash: sha256:317e25da4046607c8c0b387967f9033d8e3a52db04395fb9ca11ae62d17e980f
- kind: project-relative
  target: codex
  value: .agents/skills/app-common/references/backend/index.md
  runtime: null
  scope: project
  owners:
  - mjkimr/app-common/agents
  active_owner: mjkimr/app-common/agents
  content_hash: sha256:7410c647f81de0e8e858e6331915d6289290140a23d0927db8319c334989344f
- kind: project-relative
  target: codex
  value: .agents/skills/app-common/references/backend/session.md
  runtime: null
  scope: project
  owners:
  - mjkimr/app-common/agents
  active_owner: mjkimr/app-common/agents
  content_hash: sha256:aeeb62f3902e611ef61128db1903191dae5fdb64bbb618f19a17cc9bccb2a213
- kind: project-relative
  target: codex
  value: .agents/skills/app-common/references/backend/setup.md
  runtime: null
  scope: project
  owners:
  - mjkimr/app-common/agents
  active_owner: mjkimr/app-common/agents
  content_hash: sha256:11b97f4db74dbcdc19f24ba23f31a1d5ef82cc451c457a73f190a8eeccea6139
- kind: project-relative
  target: codex
  value: .agents/skills/app-common/references/backend/time.md
  runtime: null
  scope: project
  owners:
  - mjkimr/app-common/agents
  active_owner: mjkimr/app-common/agents
  content_hash: sha256:66e7d3864504bf09a987ba82baf1f24f538ef90bce064e1155324720a975f1e7
- kind: project-relative
  target: codex
  value: .agents/skills/app-common/references/http/index.md
  runtime: null
  scope: project
  owners:
  - mjkimr/app-common/agents
  active_owner: mjkimr/app-common/agents
  content_hash: sha256:b5deee51bf8716c6ef2cfc854167a24cbca4657597086824134fd99dbb5f1e6b
- kind: project-relative
  target: codex
  value: .agents/skills/app-common/references/http/setup.md
  runtime: null
  scope: project
  owners:
  - mjkimr/app-common/agents
  active_owner: mjkimr/app-common/agents
  content_hash: sha256:9b4376363d90173da942a8b67e7c93c20bbc61439fd3316cec3e67e756643095
- kind: project-relative
  target: codex
  value: .agents/skills/app-common/references/local-dev/index.md
  runtime: null
  scope: project
  owners:
  - mjkimr/app-common/agents
  active_owner: mjkimr/app-common/agents
  content_hash: sha256:1d8f8392a099774f559536cf8432b1f73cc28860c34f259eae7a1df0c74263b1
- kind: project-relative
  target: codex
  value: .agents/skills/app-common/references/mcp/index.md
  runtime: null
  scope: project
  owners:
  - mjkimr/app-common/agents
  active_owner: mjkimr/app-common/agents
  content_hash: sha256:3a9e43e2e56df4a0a765218f15422d9a18cd9b5537e702c28016c6650f61f3aa
- kind: project-relative
  target: codex
  value: .agents/skills/app-common/references/outbox/index.md
  runtime: null
  scope: project
  owners:
  - mjkimr/app-common/agents
  active_owner: mjkimr/app-common/agents
  content_hash: sha256:8833036e80268e9d7987790f3cf955b96dc4cd28632e0d5eb3d16ec916082c90
- kind: project-relative
  target: codex
  value: .agents/skills/app-common/references/outbox/setup.md
  runtime: null
  scope: project
  owners:
  - mjkimr/app-common/agents
  active_owner: mjkimr/app-common/agents
  content_hash: sha256:8034b1aa36e199d6fe16b015e53c0b49763259c14fb29a5617920b93837ddd4e
- kind: project-relative
  target: codex
  value: .agents/skills/app-common/references/search/index.md
  runtime: null
  scope: project
  owners:
  - mjkimr/app-common/agents
  active_owner: mjkimr/app-common/agents
  content_hash: sha256:b819c7116cfeba1850527c83bb1dc0515a63f046f35be696aa9738fa2555cfa9
- kind: project-relative
  target: codex
  value: .agents/skills/app-common/references/storage/index.md
  runtime: null
  scope: project
  owners:
  - mjkimr/app-common/agents
  active_owner: mjkimr/app-common/agents
  content_hash: sha256:d4ea4923267d14cbc640c5629252faecbbe7638fca91c83009a86863e5773b9f
- kind: project-relative
  target: codex
  value: .agents/skills/app-common/references/storage/setup.md
  runtime: null
  scope: project
  owners:
  - mjkimr/app-common/agents
  active_owner: mjkimr/app-common/agents
  content_hash: sha256:67ceef61b440e56d2c15434f5c0d0e969ca0984316ed76b2528e00e4b37d7f0e
- kind: project-relative
  target: codex
  value: .agents/skills/app-common/references/testing/examples.md
  runtime: null
  scope: project
  owners:
  - mjkimr/app-common/agents
  active_owner: mjkimr/app-common/agents
  content_hash: sha256:41774d95842aa2b9bb989b4f3da5a6aebdf909bcff3e2df4402b7650f1fef7d9
- kind: project-relative
  target: codex
  value: .agents/skills/app-common/references/testing/index.md
  runtime: null
  scope: project
  owners:
  - mjkimr/app-common/agents
  active_owner: mjkimr/app-common/agents
  content_hash: sha256:23f7e70461bf0b435461071544bf7bc7708b2adc24aef54bc37de35375d4e788
- kind: project-relative
  target: codex
  value: .agents/skills/app-common/references/ui/api.md
  runtime: null
  scope: project
  owners:
  - mjkimr/app-common/agents
  active_owner: mjkimr/app-common/agents
  content_hash: sha256:c2423a6e7384bf830f78fd2a552408ff695d89e145cc8d7024610c90c078df61
- kind: project-relative
  target: codex
  value: .agents/skills/app-common/references/ui/checklist.md
  runtime: null
  scope: project
  owners:
  - mjkimr/app-common/agents
  active_owner: mjkimr/app-common/agents
  content_hash: sha256:0cf5e07e4371e8d8c93de162c33cdd07a3d33db19ff46c57f2c27744895f920d
- kind: project-relative
  target: codex
  value: .agents/skills/app-common/references/ui/components.md
  runtime: null
  scope: project
  owners:
  - mjkimr/app-common/agents
  active_owner: mjkimr/app-common/agents
  content_hash: sha256:3ba319c21a68ea3f607c270045fe8120e694e73fadc8d16b1f62e8f7694d6f61
- kind: project-relative
  target: codex
  value: .agents/skills/app-common/references/ui/index.md
  runtime: null
  scope: project
  owners:
  - mjkimr/app-common/agents
  active_owner: mjkimr/app-common/agents
  content_hash: sha256:2be5b36a43da7cc1061d19d20daa636d01cffc3305f42f60031cd2f52d2fa9af
- kind: project-relative
  target: codex
  value: .agents/skills/app-common/references/ui/runes.md
  runtime: null
  scope: project
  owners:
  - mjkimr/app-common/agents
  active_owner: mjkimr/app-common/agents
  content_hash: sha256:1a981c14faee991c60331b7698d36be5dcdc01f6bac1b935f3b574dbca88b0dc
- kind: project-relative
  target: codex
  value: .agents/skills/app-common/references/ui/setup.md
  runtime: null
  scope: project
  owners:
  - mjkimr/app-common/agents
  active_owner: mjkimr/app-common/agents
  content_hash: sha256:734e097b4152268329d3660dc76509feda79f75490919a84ab58c16e2b96ac29
- kind: project-relative
  target: codex
  value: .agents/skills/app-common/references/ui/structure.md
  runtime: null
  scope: project
  owners:
  - mjkimr/app-common/agents
  active_owner: mjkimr/app-common/agents
  content_hash: sha256:d88e99862131553eda2e0210b5c10e97badf65a9686a5bc34f8e9180f9ea76f7
- kind: project-relative
  target: codex
  value: .agents/skills/app-common/references/update/index.md
  runtime: null
  scope: project
  owners:
  - mjkimr/app-common/agents
  active_owner: mjkimr/app-common/agents
  content_hash: sha256:1ebd31f5cc3b9eb2b9617a590971a272c33a2f60e5d45964404540a9a6ec9625
- kind: project-relative
  target: codex
  value: .agents/skills/app-common/references/user/google-auth.md
  runtime: null
  scope: project
  owners:
  - mjkimr/app-common/agents
  active_owner: mjkimr/app-common/agents
  content_hash: sha256:11023b6719f4b32e9fd711736c3e818781b43ac67a49ac03484e0c81e390555f
- kind: project-relative
  target: codex
  value: .agents/skills/app-common/references/user/index.md
  runtime: null
  scope: project
  owners:
  - mjkimr/app-common/agents
  active_owner: mjkimr/app-common/agents
  content_hash: sha256:371a1215dc0e3fd0a2a100a116646483abe39bef00a940733bb3194ea68c22d9
- kind: project-relative
  target: codex
  value: .agents/skills/app-common/references/user/setup.md
  runtime: null
  scope: project
  owners:
  - mjkimr/app-common/agents
  active_owner: mjkimr/app-common/agents
  content_hash: sha256:39bf2cfe9c2df8d7bbc517e3eb47cb5aab69e5e554d052d06139b63041200799
- kind: project-relative
  target: codex
  value: .agents/skills/app-common/references/vector/index.md
  runtime: null
  scope: project
  owners:
  - mjkimr/app-common/agents
  active_owner: mjkimr/app-common/agents
  content_hash: sha256:36d62538f27b4efc9869815bba645ed191c921ceb576dc5bdad40ac9bc682cd2
- kind: project-relative
  target: codex
  value: .agents/skills/app-common/references/vector/setup.md
  runtime: null
  scope: project
  owners:
  - mjkimr/app-common/agents
  active_owner: mjkimr/app-common/agents
  content_hash: sha256:39383ac07dd7a4ce283eaa3b3ce18fb429f1daf9169f1f2858e777834e2ccf12
