lockfile_version: '1'
apm_version: 0.30.0
dependencies:
- repo_url: mjkimr/app-common
  materialization_repo_url: mjkimR/app-common
  name: app-common
  host: github.com
  resolved_commit: 915f8f512b7d590a999291cbe465fa16f2ba6f1c
  resolved_ref: 915f8f512b7d590a999291cbe465fa16f2ba6f1c
  version: 0.1.0
  virtual_path: agents
  is_virtual: true
  package_type: skill_bundle
  deployed_files:
  - .agents/skills/app-common
  - .agents/skills/app-common/SKILL.md
  - .agents/skills/app-common/catalog.json
  - .agents/skills/app-common/references/ai/index.md
  - .agents/skills/app-common/references/ai/setup.md
  - .agents/skills/app-common/references/backend/commands.md
  - .agents/skills/app-common/references/backend/errors.md
  - .agents/skills/app-common/references/backend/hooks.md
  - .agents/skills/app-common/references/backend/index.md
  - .agents/skills/app-common/references/backend/session.md
  - .agents/skills/app-common/references/backend/setup.md
  - .agents/skills/app-common/references/backend/time.md
  - .agents/skills/app-common/references/http/index.md
  - .agents/skills/app-common/references/http/setup.md
  - .agents/skills/app-common/references/local-dev/index.md
  - .agents/skills/app-common/references/mcp/index.md
  - .agents/skills/app-common/references/outbox/index.md
  - .agents/skills/app-common/references/outbox/setup.md
  - .agents/skills/app-common/references/search/index.md
  - .agents/skills/app-common/references/storage/index.md
  - .agents/skills/app-common/references/storage/setup.md
  - .agents/skills/app-common/references/testing/index.md
  - .agents/skills/app-common/references/ui/api.md
  - .agents/skills/app-common/references/ui/checklist.md
  - .agents/skills/app-common/references/ui/components.md
  - .agents/skills/app-common/references/ui/index.md
  - .agents/skills/app-common/references/ui/runes.md
  - .agents/skills/app-common/references/ui/setup.md
  - .agents/skills/app-common/references/ui/structure.md
  - .agents/skills/app-common/references/update/index.md
  - .agents/skills/app-common/references/user/index.md
  - .agents/skills/app-common/references/user/setup.md
  - .agents/skills/app-common/references/vector/index.md
  - .agents/skills/app-common/references/vector/setup.md
  - .claude/skills/app-common
  - .claude/skills/app-common/SKILL.md
  - .claude/skills/app-common/catalog.json
  - .claude/skills/app-common/references/ai/index.md
  - .claude/skills/app-common/references/ai/setup.md
  - .claude/skills/app-common/references/backend/commands.md
  - .claude/skills/app-common/references/backend/errors.md
  - .claude/skills/app-common/references/backend/hooks.md
  - .claude/skills/app-common/references/backend/index.md
  - .claude/skills/app-common/references/backend/session.md
  - .claude/skills/app-common/references/backend/setup.md
  - .claude/skills/app-common/references/backend/time.md
  - .claude/skills/app-common/references/http/index.md
  - .claude/skills/app-common/references/http/setup.md
  - .claude/skills/app-common/references/local-dev/index.md
  - .claude/skills/app-common/references/mcp/index.md
  - .claude/skills/app-common/references/outbox/index.md
  - .claude/skills/app-common/references/outbox/setup.md
  - .claude/skills/app-common/references/search/index.md
  - .claude/skills/app-common/references/storage/index.md
  - .claude/skills/app-common/references/storage/setup.md
  - .claude/skills/app-common/references/testing/index.md
  - .claude/skills/app-common/references/ui/api.md
  - .claude/skills/app-common/references/ui/checklist.md
  - .claude/skills/app-common/references/ui/components.md
  - .claude/skills/app-common/references/ui/index.md
  - .claude/skills/app-common/references/ui/runes.md
  - .claude/skills/app-common/references/ui/setup.md
  - .claude/skills/app-common/references/ui/structure.md
  - .claude/skills/app-common/references/update/index.md
  - .claude/skills/app-common/references/user/index.md
  - .claude/skills/app-common/references/user/setup.md
  - .claude/skills/app-common/references/vector/index.md
  - .claude/skills/app-common/references/vector/setup.md
  deployed_file_hashes:
    .agents/skills/app-common/SKILL.md: sha256:c8121ae44c139a034da9bd583c8ebf355441b18b4e63507125675b3d3d7c9da0
    .agents/skills/app-common/catalog.json: sha256:5b5ed9243d6ec1be9596aeb21dbe0db8db6a7e16e9f42d33d16bb34bddb34c77
    .agents/skills/app-common/references/ai/index.md: sha256:b0d06c6732eaeeeed8f2687ae32a1cc4e6efa6f8bec72eca769307a62be3b3f1
    .agents/skills/app-common/references/ai/setup.md: sha256:6f70eb4719f7fa59c490a08310343055fb1123002a5b5c6cd0fe63dbddaaa89d
    .agents/skills/app-common/references/backend/commands.md: sha256:7c307472b0929ad5b9040d1befda539857245acde25b93e06292ae5bdc142ddd
    .agents/skills/app-common/references/backend/errors.md: sha256:fb1cafc68376ffacc939e47fd1e488620bc8e43cccc53d4b785c1fb1ad0b1285
    .agents/skills/app-common/references/backend/hooks.md: sha256:317e25da4046607c8c0b387967f9033d8e3a52db04395fb9ca11ae62d17e980f
    .agents/skills/app-common/references/backend/index.md: sha256:7410c647f81de0e8e858e6331915d6289290140a23d0927db8319c334989344f
    .agents/skills/app-common/references/backend/session.md: sha256:aeeb62f3902e611ef61128db1903191dae5fdb64bbb618f19a17cc9bccb2a213
    .agents/skills/app-common/references/backend/setup.md: sha256:11b97f4db74dbcdc19f24ba23f31a1d5ef82cc451c457a73f190a8eeccea6139
    .agents/skills/app-common/references/backend/time.md: sha256:66e7d3864504bf09a987ba82baf1f24f538ef90bce064e1155324720a975f1e7
    .agents/skills/app-common/references/http/index.md: sha256:b5deee51bf8716c6ef2cfc854167a24cbca4657597086824134fd99dbb5f1e6b
    .agents/skills/app-common/references/http/setup.md: sha256:9b4376363d90173da942a8b67e7c93c20bbc61439fd3316cec3e67e756643095
    .agents/skills/app-common/references/local-dev/index.md: sha256:1d8f8392a099774f559536cf8432b1f73cc28860c34f259eae7a1df0c74263b1
    .agents/skills/app-common/references/mcp/index.md: sha256:3f239f60fc3eaed552f90af6772e706e509fb3bcb188e16a4acf7b0aec23155b
    .agents/skills/app-common/references/outbox/index.md: sha256:8833036e80268e9d7987790f3cf955b96dc4cd28632e0d5eb3d16ec916082c90
    .agents/skills/app-common/references/outbox/setup.md: sha256:8034b1aa36e199d6fe16b015e53c0b49763259c14fb29a5617920b93837ddd4e
    .agents/skills/app-common/references/search/index.md: sha256:b819c7116cfeba1850527c83bb1dc0515a63f046f35be696aa9738fa2555cfa9
    .agents/skills/app-common/references/storage/index.md: sha256:d4ea4923267d14cbc640c5629252faecbbe7638fca91c83009a86863e5773b9f
    .agents/skills/app-common/references/storage/setup.md: sha256:67ceef61b440e56d2c15434f5c0d0e969ca0984316ed76b2528e00e4b37d7f0e
    .agents/skills/app-common/references/testing/index.md: sha256:e761e4bd086d9ce3ca4db0c14c3e26fda58c88c542cd9fa1d30d420edf3e6d06
    .agents/skills/app-common/references/ui/api.md: sha256:c2423a6e7384bf830f78fd2a552408ff695d89e145cc8d7024610c90c078df61
    .agents/skills/app-common/references/ui/checklist.md: sha256:043dd2dee35d30df06f358a11231763ba23e1df69a8e854ad7421e5b9dab2be2
    .agents/skills/app-common/references/ui/components.md: sha256:3ba319c21a68ea3f607c270045fe8120e694e73fadc8d16b1f62e8f7694d6f61
    .agents/skills/app-common/references/ui/index.md: sha256:418f8fbf5b0568010c76b4f50d5db42fb4b259f5e09ccbb05cad55035117564d
    .agents/skills/app-common/references/ui/runes.md: sha256:1a981c14faee991c60331b7698d36be5dcdc01f6bac1b935f3b574dbca88b0dc
    .agents/skills/app-common/references/ui/setup.md: sha256:e22a7bb45c486f67fa0b8456c1733b58748d7a031b17554d8a125548ed2035f7
    .agents/skills/app-common/references/ui/structure.md: sha256:5bc7829fc30b9fd018d032f6e1169d09fa5a71eb2d6c58f7bbfe53cde0a46c56
    .agents/skills/app-common/references/update/index.md: sha256:1ebd31f5cc3b9eb2b9617a590971a272c33a2f60e5d45964404540a9a6ec9625
    .agents/skills/app-common/references/user/index.md: sha256:c8b83ea9b7ead2e9f9292bee45e1e36f7060c7a8e6d02d282aaf9ec6f2d3a823
    .agents/skills/app-common/references/user/setup.md: sha256:ecc03df8e8c1bb8d72ea8f85bd8a4ac65016aed7a946b60f4c5e72b7137c956a
    .agents/skills/app-common/references/vector/index.md: sha256:36d62538f27b4efc9869815bba645ed191c921ceb576dc5bdad40ac9bc682cd2
    .agents/skills/app-common/references/vector/setup.md: sha256:39383ac07dd7a4ce283eaa3b3ce18fb429f1daf9169f1f2858e777834e2ccf12
    .claude/skills/app-common/SKILL.md: sha256:c8121ae44c139a034da9bd583c8ebf355441b18b4e63507125675b3d3d7c9da0
    .claude/skills/app-common/catalog.json: sha256:5b5ed9243d6ec1be9596aeb21dbe0db8db6a7e16e9f42d33d16bb34bddb34c77
    .claude/skills/app-common/references/ai/index.md: sha256:b0d06c6732eaeeeed8f2687ae32a1cc4e6efa6f8bec72eca769307a62be3b3f1
    .claude/skills/app-common/references/ai/setup.md: sha256:6f70eb4719f7fa59c490a08310343055fb1123002a5b5c6cd0fe63dbddaaa89d
    .claude/skills/app-common/references/backend/commands.md: sha256:7c307472b0929ad5b9040d1befda539857245acde25b93e06292ae5bdc142ddd
    .claude/skills/app-common/references/backend/errors.md: sha256:fb1cafc68376ffacc939e47fd1e488620bc8e43cccc53d4b785c1fb1ad0b1285
    .claude/skills/app-common/references/backend/hooks.md: sha256:317e25da4046607c8c0b387967f9033d8e3a52db04395fb9ca11ae62d17e980f
    .claude/skills/app-common/references/backend/index.md: sha256:7410c647f81de0e8e858e6331915d6289290140a23d0927db8319c334989344f
    .claude/skills/app-common/references/backend/session.md: sha256:aeeb62f3902e611ef61128db1903191dae5fdb64bbb618f19a17cc9bccb2a213
    .claude/skills/app-common/references/backend/setup.md: sha256:11b97f4db74dbcdc19f24ba23f31a1d5ef82cc451c457a73f190a8eeccea6139
    .claude/skills/app-common/references/backend/time.md: sha256:66e7d3864504bf09a987ba82baf1f24f538ef90bce064e1155324720a975f1e7
    .claude/skills/app-common/references/http/index.md: sha256:b5deee51bf8716c6ef2cfc854167a24cbca4657597086824134fd99dbb5f1e6b
    .claude/skills/app-common/references/http/setup.md: sha256:9b4376363d90173da942a8b67e7c93c20bbc61439fd3316cec3e67e756643095
    .claude/skills/app-common/references/local-dev/index.md: sha256:1d8f8392a099774f559536cf8432b1f73cc28860c34f259eae7a1df0c74263b1
    .claude/skills/app-common/references/mcp/index.md: sha256:3f239f60fc3eaed552f90af6772e706e509fb3bcb188e16a4acf7b0aec23155b
    .claude/skills/app-common/references/outbox/index.md: sha256:8833036e80268e9d7987790f3cf955b96dc4cd28632e0d5eb3d16ec916082c90
    .claude/skills/app-common/references/outbox/setup.md: sha256:8034b1aa36e199d6fe16b015e53c0b49763259c14fb29a5617920b93837ddd4e
    .claude/skills/app-common/references/search/index.md: sha256:b819c7116cfeba1850527c83bb1dc0515a63f046f35be696aa9738fa2555cfa9
    .claude/skills/app-common/references/storage/index.md: sha256:d4ea4923267d14cbc640c5629252faecbbe7638fca91c83009a86863e5773b9f
    .claude/skills/app-common/references/storage/setup.md: sha256:67ceef61b440e56d2c15434f5c0d0e969ca0984316ed76b2528e00e4b37d7f0e
    .claude/skills/app-common/references/testing/index.md: sha256:e761e4bd086d9ce3ca4db0c14c3e26fda58c88c542cd9fa1d30d420edf3e6d06
    .claude/skills/app-common/references/ui/api.md: sha256:c2423a6e7384bf830f78fd2a552408ff695d89e145cc8d7024610c90c078df61
    .claude/skills/app-common/references/ui/checklist.md: sha256:043dd2dee35d30df06f358a11231763ba23e1df69a8e854ad7421e5b9dab2be2
    .claude/skills/app-common/references/ui/components.md: sha256:3ba319c21a68ea3f607c270045fe8120e694e73fadc8d16b1f62e8f7694d6f61
    .claude/skills/app-common/references/ui/index.md: sha256:418f8fbf5b0568010c76b4f50d5db42fb4b259f5e09ccbb05cad55035117564d
    .claude/skills/app-common/references/ui/runes.md: sha256:1a981c14faee991c60331b7698d36be5dcdc01f6bac1b935f3b574dbca88b0dc
    .claude/skills/app-common/references/ui/setup.md: sha256:e22a7bb45c486f67fa0b8456c1733b58748d7a031b17554d8a125548ed2035f7
    .claude/skills/app-common/references/ui/structure.md: sha256:5bc7829fc30b9fd018d032f6e1169d09fa5a71eb2d6c58f7bbfe53cde0a46c56
    .claude/skills/app-common/references/update/index.md: sha256:1ebd31f5cc3b9eb2b9617a590971a272c33a2f60e5d45964404540a9a6ec9625
    .claude/skills/app-common/references/user/index.md: sha256:c8b83ea9b7ead2e9f9292bee45e1e36f7060c7a8e6d02d282aaf9ec6f2d3a823
    .claude/skills/app-common/references/user/setup.md: sha256:ecc03df8e8c1bb8d72ea8f85bd8a4ac65016aed7a946b60f4c5e72b7137c956a
    .claude/skills/app-common/references/vector/index.md: sha256:36d62538f27b4efc9869815bba645ed191c921ceb576dc5bdad40ac9bc682cd2
    .claude/skills/app-common/references/vector/setup.md: sha256:39383ac07dd7a4ce283eaa3b3ce18fb429f1daf9169f1f2858e777834e2ccf12
  content_hash: sha256:9afd6f87d4089d64ac5b5a21d263e17819510509f26639ba209f88d20c9500b1
  skill_subset:
  - app-common
deployments:
- kind: project-relative
  target: claude
  value: .claude/skills/app-common
  runtime: null
  scope: project
  owners:
  - mjkimr/app-common/agents
  active_owner: mjkimr/app-common/agents
  content_hash: null
- kind: project-relative
  target: claude
  value: .claude/skills/app-common/SKILL.md
  runtime: null
  scope: project
  owners:
  - mjkimr/app-common/agents
  active_owner: mjkimr/app-common/agents
  content_hash: sha256:c8121ae44c139a034da9bd583c8ebf355441b18b4e63507125675b3d3d7c9da0
- kind: project-relative
  target: claude
  value: .claude/skills/app-common/catalog.json
  runtime: null
  scope: project
  owners:
  - mjkimr/app-common/agents
  active_owner: mjkimr/app-common/agents
  content_hash: sha256:5b5ed9243d6ec1be9596aeb21dbe0db8db6a7e16e9f42d33d16bb34bddb34c77
- kind: project-relative
  target: claude
  value: .claude/skills/app-common/references/ai/index.md
  runtime: null
  scope: project
  owners:
  - mjkimr/app-common/agents
  active_owner: mjkimr/app-common/agents
  content_hash: sha256:b0d06c6732eaeeeed8f2687ae32a1cc4e6efa6f8bec72eca769307a62be3b3f1
- kind: project-relative
  target: claude
  value: .claude/skills/app-common/references/ai/setup.md
  runtime: null
  scope: project
  owners:
  - mjkimr/app-common/agents
  active_owner: mjkimr/app-common/agents
  content_hash: sha256:6f70eb4719f7fa59c490a08310343055fb1123002a5b5c6cd0fe63dbddaaa89d
- kind: project-relative
  target: claude
  value: .claude/skills/app-common/references/backend/commands.md
  runtime: null
  scope: project
  owners:
  - mjkimr/app-common/agents
  active_owner: mjkimr/app-common/agents
  content_hash: sha256:7c307472b0929ad5b9040d1befda539857245acde25b93e06292ae5bdc142ddd
- kind: project-relative
  target: claude
  value: .claude/skills/app-common/references/backend/errors.md
  runtime: null
  scope: project
  owners:
  - mjkimr/app-common/agents
  active_owner: mjkimr/app-common/agents
  content_hash: sha256:fb1cafc68376ffacc939e47fd1e488620bc8e43cccc53d4b785c1fb1ad0b1285
- kind: project-relative
  target: claude
  value: .claude/skills/app-common/references/backend/hooks.md
  runtime: null
  scope: project
  owners:
  - mjkimr/app-common/agents
  active_owner: mjkimr/app-common/agents
  content_hash: sha256:317e25da4046607c8c0b387967f9033d8e3a52db04395fb9ca11ae62d17e980f
- kind: project-relative
  target: claude
  value: .claude/skills/app-common/references/backend/index.md
  runtime: null
  scope: project
  owners:
  - mjkimr/app-common/agents
  active_owner: mjkimr/app-common/agents
  content_hash: sha256:7410c647f81de0e8e858e6331915d6289290140a23d0927db8319c334989344f
- kind: project-relative
  target: claude
  value: .claude/skills/app-common/references/backend/session.md
  runtime: null
  scope: project
  owners:
  - mjkimr/app-common/agents
  active_owner: mjkimr/app-common/agents
  content_hash: sha256:aeeb62f3902e611ef61128db1903191dae5fdb64bbb618f19a17cc9bccb2a213
- kind: project-relative
  target: claude
  value: .claude/skills/app-common/references/backend/setup.md
  runtime: null
  scope: project
  owners:
  - mjkimr/app-common/agents
  active_owner: mjkimr/app-common/agents
  content_hash: sha256:11b97f4db74dbcdc19f24ba23f31a1d5ef82cc451c457a73f190a8eeccea6139
- kind: project-relative
  target: claude
  value: .claude/skills/app-common/references/backend/time.md
  runtime: null
  scope: project
  owners:
  - mjkimr/app-common/agents
  active_owner: mjkimr/app-common/agents
  content_hash: sha256:66e7d3864504bf09a987ba82baf1f24f538ef90bce064e1155324720a975f1e7
- kind: project-relative
  target: claude
  value: .claude/skills/app-common/references/http/index.md
  runtime: null
  scope: project
  owners:
  - mjkimr/app-common/agents
  active_owner: mjkimr/app-common/agents
  content_hash: sha256:b5deee51bf8716c6ef2cfc854167a24cbca4657597086824134fd99dbb5f1e6b
- kind: project-relative
  target: claude
  value: .claude/skills/app-common/references/http/setup.md
  runtime: null
  scope: project
  owners:
  - mjkimr/app-common/agents
  active_owner: mjkimr/app-common/agents
  content_hash: sha256:9b4376363d90173da942a8b67e7c93c20bbc61439fd3316cec3e67e756643095
- kind: project-relative
  target: claude
  value: .claude/skills/app-common/references/local-dev/index.md
  runtime: null
  scope: project
  owners:
  - mjkimr/app-common/agents
  active_owner: mjkimr/app-common/agents
  content_hash: sha256:1d8f8392a099774f559536cf8432b1f73cc28860c34f259eae7a1df0c74263b1
- kind: project-relative
  target: claude
  value: .claude/skills/app-common/references/mcp/index.md
  runtime: null
  scope: project
  owners:
  - mjkimr/app-common/agents
  active_owner: mjkimr/app-common/agents
  content_hash: sha256:3f239f60fc3eaed552f90af6772e706e509fb3bcb188e16a4acf7b0aec23155b
- kind: project-relative
  target: claude
  value: .claude/skills/app-common/references/outbox/index.md
  runtime: null
  scope: project
  owners:
  - mjkimr/app-common/agents
  active_owner: mjkimr/app-common/agents
  content_hash: sha256:8833036e80268e9d7987790f3cf955b96dc4cd28632e0d5eb3d16ec916082c90
- kind: project-relative
  target: claude
  value: .claude/skills/app-common/references/outbox/setup.md
  runtime: null
  scope: project
  owners:
  - mjkimr/app-common/agents
  active_owner: mjkimr/app-common/agents
  content_hash: sha256:8034b1aa36e199d6fe16b015e53c0b49763259c14fb29a5617920b93837ddd4e
- kind: project-relative
  target: claude
  value: .claude/skills/app-common/references/search/index.md
  runtime: null
  scope: project
  owners:
  - mjkimr/app-common/agents
  active_owner: mjkimr/app-common/agents
  content_hash: sha256:b819c7116cfeba1850527c83bb1dc0515a63f046f35be696aa9738fa2555cfa9
- kind: project-relative
  target: claude
  value: .claude/skills/app-common/references/storage/index.md
  runtime: null
  scope: project
  owners:
  - mjkimr/app-common/agents
  active_owner: mjkimr/app-common/agents
  content_hash: sha256:d4ea4923267d14cbc640c5629252faecbbe7638fca91c83009a86863e5773b9f
- kind: project-relative
  target: claude
  value: .claude/skills/app-common/references/storage/setup.md
  runtime: null
  scope: project
  owners:
  - mjkimr/app-common/agents
  active_owner: mjkimr/app-common/agents
  content_hash: sha256:67ceef61b440e56d2c15434f5c0d0e969ca0984316ed76b2528e00e4b37d7f0e
- kind: project-relative
  target: claude
  value: .claude/skills/app-common/references/testing/index.md
  runtime: null
  scope: project
  owners:
  - mjkimr/app-common/agents
  active_owner: mjkimr/app-common/agents
  content_hash: sha256:e761e4bd086d9ce3ca4db0c14c3e26fda58c88c542cd9fa1d30d420edf3e6d06
- kind: project-relative
  target: claude
  value: .claude/skills/app-common/references/ui/api.md
  runtime: null
  scope: project
  owners:
  - mjkimr/app-common/agents
  active_owner: mjkimr/app-common/agents
  content_hash: sha256:c2423a6e7384bf830f78fd2a552408ff695d89e145cc8d7024610c90c078df61
- kind: project-relative
  target: claude
  value: .claude/skills/app-common/references/ui/checklist.md
  runtime: null
  scope: project
  owners:
  - mjkimr/app-common/agents
  active_owner: mjkimr/app-common/agents
  content_hash: sha256:043dd2dee35d30df06f358a11231763ba23e1df69a8e854ad7421e5b9dab2be2
- kind: project-relative
  target: claude
  value: .claude/skills/app-common/references/ui/components.md
  runtime: null
  scope: project
  owners:
  - mjkimr/app-common/agents
  active_owner: mjkimr/app-common/agents
  content_hash: sha256:3ba319c21a68ea3f607c270045fe8120e694e73fadc8d16b1f62e8f7694d6f61
- kind: project-relative
  target: claude
  value: .claude/skills/app-common/references/ui/index.md
  runtime: null
  scope: project
  owners:
  - mjkimr/app-common/agents
  active_owner: mjkimr/app-common/agents
  content_hash: sha256:418f8fbf5b0568010c76b4f50d5db42fb4b259f5e09ccbb05cad55035117564d
- kind: project-relative
  target: claude
  value: .claude/skills/app-common/references/ui/runes.md
  runtime: null
  scope: project
  owners:
  - mjkimr/app-common/agents
  active_owner: mjkimr/app-common/agents
  content_hash: sha256:1a981c14faee991c60331b7698d36be5dcdc01f6bac1b935f3b574dbca88b0dc
- kind: project-relative
  target: claude
  value: .claude/skills/app-common/references/ui/setup.md
  runtime: null
  scope: project
  owners:
  - mjkimr/app-common/agents
  active_owner: mjkimr/app-common/agents
  content_hash: sha256:e22a7bb45c486f67fa0b8456c1733b58748d7a031b17554d8a125548ed2035f7
- kind: project-relative
  target: claude
  value: .claude/skills/app-common/references/ui/structure.md
  runtime: null
  scope: project
  owners:
  - mjkimr/app-common/agents
  active_owner: mjkimr/app-common/agents
  content_hash: sha256:5bc7829fc30b9fd018d032f6e1169d09fa5a71eb2d6c58f7bbfe53cde0a46c56
- kind: project-relative
  target: claude
  value: .claude/skills/app-common/references/update/index.md
  runtime: null
  scope: project
  owners:
  - mjkimr/app-common/agents
  active_owner: mjkimr/app-common/agents
  content_hash: sha256:1ebd31f5cc3b9eb2b9617a590971a272c33a2f60e5d45964404540a9a6ec9625
- kind: project-relative
  target: claude
  value: .claude/skills/app-common/references/user/index.md
  runtime: null
  scope: project
  owners:
  - mjkimr/app-common/agents
  active_owner: mjkimr/app-common/agents
  content_hash: sha256:c8b83ea9b7ead2e9f9292bee45e1e36f7060c7a8e6d02d282aaf9ec6f2d3a823
- kind: project-relative
  target: claude
  value: .claude/skills/app-common/references/user/setup.md
  runtime: null
  scope: project
  owners:
  - mjkimr/app-common/agents
  active_owner: mjkimr/app-common/agents
  content_hash: sha256:ecc03df8e8c1bb8d72ea8f85bd8a4ac65016aed7a946b60f4c5e72b7137c956a
- kind: project-relative
  target: claude
  value: .claude/skills/app-common/references/vector/index.md
  runtime: null
  scope: project
  owners:
  - mjkimr/app-common/agents
  active_owner: mjkimr/app-common/agents
  content_hash: sha256:36d62538f27b4efc9869815bba645ed191c921ceb576dc5bdad40ac9bc682cd2
- kind: project-relative
  target: claude
  value: .claude/skills/app-common/references/vector/setup.md
  runtime: null
  scope: project
  owners:
  - mjkimr/app-common/agents
  active_owner: mjkimr/app-common/agents
  content_hash: sha256:39383ac07dd7a4ce283eaa3b3ce18fb429f1daf9169f1f2858e777834e2ccf12
- kind: project-relative
  target: codex
  value: .agents/skills/app-common
  runtime: null
  scope: project
  owners:
  - mjkimr/app-common/agents
  active_owner: mjkimr/app-common/agents
  content_hash: null
- kind: project-relative
  target: codex
  value: .agents/skills/app-common/SKILL.md
  runtime: null
  scope: project
  owners:
  - mjkimr/app-common/agents
  active_owner: mjkimr/app-common/agents
  content_hash: sha256:c8121ae44c139a034da9bd583c8ebf355441b18b4e63507125675b3d3d7c9da0
- kind: project-relative
  target: codex
  value: .agents/skills/app-common/catalog.json
  runtime: null
  scope: project
  owners:
  - mjkimr/app-common/agents
  active_owner: mjkimr/app-common/agents
  content_hash: sha256:5b5ed9243d6ec1be9596aeb21dbe0db8db6a7e16e9f42d33d16bb34bddb34c77
- kind: project-relative
  target: codex
  value: .agents/skills/app-common/references/ai/index.md
  runtime: null
  scope: project
  owners:
  - mjkimr/app-common/agents
  active_owner: mjkimr/app-common/agents
  content_hash: sha256:b0d06c6732eaeeeed8f2687ae32a1cc4e6efa6f8bec72eca769307a62be3b3f1
- kind: project-relative
  target: codex
  value: .agents/skills/app-common/references/ai/setup.md
  runtime: null
  scope: project
  owners:
  - mjkimr/app-common/agents
  active_owner: mjkimr/app-common/agents
  content_hash: sha256:6f70eb4719f7fa59c490a08310343055fb1123002a5b5c6cd0fe63dbddaaa89d
- kind: project-relative
  target: codex
  value: .agents/skills/app-common/references/backend/commands.md
  runtime: null
  scope: project
  owners:
  - mjkimr/app-common/agents
  active_owner: mjkimr/app-common/agents
  content_hash: sha256:7c307472b0929ad5b9040d1befda539857245acde25b93e06292ae5bdc142ddd
- kind: project-relative
  target: codex
  value: .agents/skills/app-common/references/backend/errors.md
  runtime: null
  scope: project
  owners:
  - mjkimr/app-common/agents
  active_owner: mjkimr/app-common/agents
  content_hash: sha256:fb1cafc68376ffacc939e47fd1e488620bc8e43cccc53d4b785c1fb1ad0b1285
- kind: project-relative
  target: codex
  value: .agents/skills/app-common/references/backend/hooks.md
  runtime: null
  scope: project
  owners:
  - mjkimr/app-common/agents
  active_owner: mjkimr/app-common/agents
  content_hash: sha256:317e25da4046607c8c0b387967f9033d8e3a52db04395fb9ca11ae62d17e980f
- kind: project-relative
  target: codex
  value: .agents/skills/app-common/references/backend/index.md
  runtime: null
  scope: project
  owners:
  - mjkimr/app-common/agents
  active_owner: mjkimr/app-common/agents
  content_hash: sha256:7410c647f81de0e8e858e6331915d6289290140a23d0927db8319c334989344f
- kind: project-relative
  target: codex
  value: .agents/skills/app-common/references/backend/session.md
  runtime: null
  scope: project
  owners:
  - mjkimr/app-common/agents
  active_owner: mjkimr/app-common/agents
  content_hash: sha256:aeeb62f3902e611ef61128db1903191dae5fdb64bbb618f19a17cc9bccb2a213
- kind: project-relative
  target: codex
  value: .agents/skills/app-common/references/backend/setup.md
  runtime: null
  scope: project
  owners:
  - mjkimr/app-common/agents
  active_owner: mjkimr/app-common/agents
  content_hash: sha256:11b97f4db74dbcdc19f24ba23f31a1d5ef82cc451c457a73f190a8eeccea6139
- kind: project-relative
  target: codex
  value: .agents/skills/app-common/references/backend/time.md
  runtime: null
  scope: project
  owners:
  - mjkimr/app-common/agents
  active_owner: mjkimr/app-common/agents
  content_hash: sha256:66e7d3864504bf09a987ba82baf1f24f538ef90bce064e1155324720a975f1e7
- kind: project-relative
  target: codex
  value: .agents/skills/app-common/references/http/index.md
  runtime: null
  scope: project
  owners:
  - mjkimr/app-common/agents
  active_owner: mjkimr/app-common/agents
  content_hash: sha256:b5deee51bf8716c6ef2cfc854167a24cbca4657597086824134fd99dbb5f1e6b
- kind: project-relative
  target: codex
  value: .agents/skills/app-common/references/http/setup.md
  runtime: null
  scope: project
  owners:
  - mjkimr/app-common/agents
  active_owner: mjkimr/app-common/agents
  content_hash: sha256:9b4376363d90173da942a8b67e7c93c20bbc61439fd3316cec3e67e756643095
- kind: project-relative
  target: codex
  value: .agents/skills/app-common/references/local-dev/index.md
  runtime: null
  scope: project
  owners:
  - mjkimr/app-common/agents
  active_owner: mjkimr/app-common/agents
  content_hash: sha256:1d8f8392a099774f559536cf8432b1f73cc28860c34f259eae7a1df0c74263b1
- kind: project-relative
  target: codex
  value: .agents/skills/app-common/references/mcp/index.md
  runtime: null
  scope: project
  owners:
  - mjkimr/app-common/agents
  active_owner: mjkimr/app-common/agents
  content_hash: sha256:3f239f60fc3eaed552f90af6772e706e509fb3bcb188e16a4acf7b0aec23155b
- kind: project-relative
  target: codex
  value: .agents/skills/app-common/references/outbox/index.md
  runtime: null
  scope: project
  owners:
  - mjkimr/app-common/agents
  active_owner: mjkimr/app-common/agents
  content_hash: sha256:8833036e80268e9d7987790f3cf955b96dc4cd28632e0d5eb3d16ec916082c90
- kind: project-relative
  target: codex
  value: .agents/skills/app-common/references/outbox/setup.md
  runtime: null
  scope: project
  owners:
  - mjkimr/app-common/agents
  active_owner: mjkimr/app-common/agents
  content_hash: sha256:8034b1aa36e199d6fe16b015e53c0b49763259c14fb29a5617920b93837ddd4e
- kind: project-relative
  target: codex
  value: .agents/skills/app-common/references/search/index.md
  runtime: null
  scope: project
  owners:
  - mjkimr/app-common/agents
  active_owner: mjkimr/app-common/agents
  content_hash: sha256:b819c7116cfeba1850527c83bb1dc0515a63f046f35be696aa9738fa2555cfa9
- kind: project-relative
  target: codex
  value: .agents/skills/app-common/references/storage/index.md
  runtime: null
  scope: project
  owners:
  - mjkimr/app-common/agents
  active_owner: mjkimr/app-common/agents
  content_hash: sha256:d4ea4923267d14cbc640c5629252faecbbe7638fca91c83009a86863e5773b9f
- kind: project-relative
  target: codex
  value: .agents/skills/app-common/references/storage/setup.md
  runtime: null
  scope: project
  owners:
  - mjkimr/app-common/agents
  active_owner: mjkimr/app-common/agents
  content_hash: sha256:67ceef61b440e56d2c15434f5c0d0e969ca0984316ed76b2528e00e4b37d7f0e
- kind: project-relative
  target: codex
  value: .agents/skills/app-common/references/testing/index.md
  runtime: null
  scope: project
  owners:
  - mjkimr/app-common/agents
  active_owner: mjkimr/app-common/agents
  content_hash: sha256:e761e4bd086d9ce3ca4db0c14c3e26fda58c88c542cd9fa1d30d420edf3e6d06
- kind: project-relative
  target: codex
  value: .agents/skills/app-common/references/ui/api.md
  runtime: null
  scope: project
  owners:
  - mjkimr/app-common/agents
  active_owner: mjkimr/app-common/agents
  content_hash: sha256:c2423a6e7384bf830f78fd2a552408ff695d89e145cc8d7024610c90c078df61
- kind: project-relative
  target: codex
  value: .agents/skills/app-common/references/ui/checklist.md
  runtime: null
  scope: project
  owners:
  - mjkimr/app-common/agents
  active_owner: mjkimr/app-common/agents
  content_hash: sha256:043dd2dee35d30df06f358a11231763ba23e1df69a8e854ad7421e5b9dab2be2
- kind: project-relative
  target: codex
  value: .agents/skills/app-common/references/ui/components.md
  runtime: null
  scope: project
  owners:
  - mjkimr/app-common/agents
  active_owner: mjkimr/app-common/agents
  content_hash: sha256:3ba319c21a68ea3f607c270045fe8120e694e73fadc8d16b1f62e8f7694d6f61
- kind: project-relative
  target: codex
  value: .agents/skills/app-common/references/ui/index.md
  runtime: null
  scope: project
  owners:
  - mjkimr/app-common/agents
  active_owner: mjkimr/app-common/agents
  content_hash: sha256:418f8fbf5b0568010c76b4f50d5db42fb4b259f5e09ccbb05cad55035117564d
- kind: project-relative
  target: codex
  value: .agents/skills/app-common/references/ui/runes.md
  runtime: null
  scope: project
  owners:
  - mjkimr/app-common/agents
  active_owner: mjkimr/app-common/agents
  content_hash: sha256:1a981c14faee991c60331b7698d36be5dcdc01f6bac1b935f3b574dbca88b0dc
- kind: project-relative
  target: codex
  value: .agents/skills/app-common/references/ui/setup.md
  runtime: null
  scope: project
  owners:
  - mjkimr/app-common/agents
  active_owner: mjkimr/app-common/agents
  content_hash: sha256:e22a7bb45c486f67fa0b8456c1733b58748d7a031b17554d8a125548ed2035f7
- kind: project-relative
  target: codex
  value: .agents/skills/app-common/references/ui/structure.md
  runtime: null
  scope: project
  owners:
  - mjkimr/app-common/agents
  active_owner: mjkimr/app-common/agents
  content_hash: sha256:5bc7829fc30b9fd018d032f6e1169d09fa5a71eb2d6c58f7bbfe53cde0a46c56
- kind: project-relative
  target: codex
  value: .agents/skills/app-common/references/update/index.md
  runtime: null
  scope: project
  owners:
  - mjkimr/app-common/agents
  active_owner: mjkimr/app-common/agents
  content_hash: sha256:1ebd31f5cc3b9eb2b9617a590971a272c33a2f60e5d45964404540a9a6ec9625
- kind: project-relative
  target: codex
  value: .agents/skills/app-common/references/user/index.md
  runtime: null
  scope: project
  owners:
  - mjkimr/app-common/agents
  active_owner: mjkimr/app-common/agents
  content_hash: sha256:c8b83ea9b7ead2e9f9292bee45e1e36f7060c7a8e6d02d282aaf9ec6f2d3a823
- kind: project-relative
  target: codex
  value: .agents/skills/app-common/references/user/setup.md
  runtime: null
  scope: project
  owners:
  - mjkimr/app-common/agents
  active_owner: mjkimr/app-common/agents
  content_hash: sha256:ecc03df8e8c1bb8d72ea8f85bd8a4ac65016aed7a946b60f4c5e72b7137c956a
- kind: project-relative
  target: codex
  value: .agents/skills/app-common/references/vector/index.md
  runtime: null
  scope: project
  owners:
  - mjkimr/app-common/agents
  active_owner: mjkimr/app-common/agents
  content_hash: sha256:36d62538f27b4efc9869815bba645ed191c921ceb576dc5bdad40ac9bc682cd2
- kind: project-relative
  target: codex
  value: .agents/skills/app-common/references/vector/setup.md
  runtime: null
  scope: project
  owners:
  - mjkimr/app-common/agents
  active_owner: mjkimr/app-common/agents
  content_hash: sha256:39383ac07dd7a4ce283eaa3b3ce18fb429f1daf9169f1f2858e777834e2ccf12
